{
  "pins" : [
    {
      "identity" : "dplogger-swift",
      "kind" : "remoteSourceControl",
      "location" : "https://github.com/DPLibs/DPLogger-swift.git",
      "state" : {
        "revision" : "a89b195fba25d6c5e6db23bfda4e2253c867fa28",
        "version" : "0.0.3"
      }
    }
  ],
  "version" : 2
}
